// !$*UTF8*$!
{
	archiveVersion = 1;
	classes = {
	};
	objectVersion = 50;
	objects = {

/* Begin PBXBuildFile section */
		8B217E092515A2A800F5F825 /* Summary.swift in Sources */ = {isa = PBXBuildFile; fileRef = 8B217E082515A2A800F5F825 /* Summary.swift */; };
		8B217E0C2515A45B00F5F825 /* GlobalStats.swift in Sources */ = {isa = PBXBuildFile; fileRef = 8B217E0B2515A45B00F5F825 /* GlobalStats.swift */; };
		8B217E112515A8ED00F5F825 /* Int+Abbr.swift in Sources */ = {isa = PBXBuildFile; fileRef = 8B217E102515A8ED00F5F825 /* Int+Abbr.swift */; };
		8B217E152515A9DE00F5F825 /* GlobalStatsView.swift in Sources */ = {isa = PBXBuildFile; fileRef = 8B217E142515A9DE00F5F825 /* GlobalStatsView.swift */; };
		8B217E182515AD4D00F5F825 /* CountrySelectionView.swift in Sources */ = {isa = PBXBuildFile; fileRef = 8B217E172515AD4D00F5F825 /* CountrySelectionView.swift */; };
		8B217E212515B12A00F5F825 /* UserDefaultKeys.swift in Sources */ = {isa = PBXBuildFile; fileRef = 8B217E202515B12A00F5F825 /* UserDefaultKeys.swift */; };
		8B6280E1250DC6140024B80E /* DetailCountryView.swift in Sources */ = {isa = PBXBuildFile; fileRef = 8B6280E0250DC6140024B80E /* DetailCountryView.swift */; };
		8B6280E3250DC85F0024B80E /* LiveStats.swift in Sources */ = {isa = PBXBuildFile; fileRef = 8B6280E2250DC85F0024B80E /* LiveStats.swift */; };
		8BB61BDD250DBE4900A2744F /* Covid_trackingApp.swift in Sources */ = {isa = PBXBuildFile; fileRef = 8BB61BDC250DBE4900A2744F /* Covid_trackingApp.swift */; };
		8BB61BDF250DBE4900A2744F /* SummaryView.swift in Sources */ = {isa = PBXBuildFile; fileRef = 8BB61BDE250DBE4900A2744F /* SummaryView.swift */; };
		8BB61BE1250DBE4A00A2744F /* Assets.xcassets in Resources */ = {isa = PBXBuildFile; fileRef = 8BB61BE0250DBE4A00A2744F /* Assets.xcassets */; };
		8BB61BE4250DBE4A00A2744F /* Preview Assets.xcassets in Resources */ = {isa = PBXBuildFile; fileRef = 8BB61BE3250DBE4A00A2744F /* Preview Assets.xcassets */; };
		8BB61BEE250DBED300A2744F /* Country.swift in Sources */ = {isa = PBXBuildFile; fileRef = 8BB61BED250DBED300A2744F /* Country.swift */; };
		8BB61BF1250DBFFE00A2744F /* APIService.swift in Sources */ = {isa = PBXBuildFile; fileRef = 8BB61BF0250DBFFE00A2744F /* APIService.swift */; };
/* End PBXBuildFile section */

/* Begin PBXFileReference section */
		8B217E082515A2A800F5F825 /* Summary.swift */ = {isa = PBXFileReference; lastKnownFileType = sourcecode.swift; path = Summary.swift; sourceTree = "<group>"; };
		8B217E0B2515A45B00F5F825 /* GlobalStats.swift */ = {isa = PBXFileReference; lastKnownFileType = sourcecode.swift; path = GlobalStats.swift; sourceTree = "<group>"; };
		8B217E102515A8ED00F5F825 /* Int+Abbr.swift */ = {isa = PBXFileReference; lastKnownFileType = sourcecode.swift; path = "Int+Abbr.swift"; sourceTree = "<group>"; };
		8B217E142515A9DE00F5F825 /* GlobalStatsView.swift */ = {isa = PBXFileReference; lastKnownFileType = sourcecode.swift; path = GlobalStatsView.swift; sourceTree = "<group>"; };
		8B217E172515AD4D00F5F825 /* CountrySelectionView.swift */ = {isa = PBXFileReference; lastKnownFileType = sourcecode.swift; path = CountrySelectionView.swift; sourceTree = "<group>"; };
		8B217E202515B12A00F5F825 /* UserDefaultKeys.swift */ = {isa = PBXFileReference; lastKnownFileType = sourcecode.swift; path = UserDefaultKeys.swift; sourceTree = "<group>"; };
		8B6280E0250DC6140024B80E /* DetailCountryView.swift */ = {isa = PBXFileReference; lastKnownFileType = sourcecode.swift; path = DetailCountryView.swift; sourceTree = "<group>"; };
		8B6280E2250DC85F0024B80E /* LiveStats.swift */ = {isa = PBXFileReference; lastKnownFileType = sourcecode.swift; path = LiveStats.swift; sourceTree = "<group>"; };
		8BB61BD9250DBE4900A2744F /* Covid-tracking.app */ = {isa = PBXFileReference; explicitFileType = wrapper.application; includeInIndex = 0; path = "Covid-tracking.app"; sourceTree = BUILT_PRODUCTS_DIR; };
		8BB61BDC250DBE4900A2744F /* Covid_trackingApp.swift */ = {isa = PBXFileReference; lastKnownFileType = sourcecode.swift; path = Covid_trackingApp.swift; sourceTree = "<group>"; };
		8BB61BDE250DBE4900A2744F /* SummaryView.swift */ = {isa = PBXFileReference; lastKnownFileType = sourcecode.swift; path = SummaryView.swift; sourceTree = "<group>"; };
		8BB61BE0250DBE4A00A2744F /* Assets.xcassets */ = {isa = PBXFileReference; lastKnownFileType = folder.assetcatalog; path = Assets.xcassets; sourceTree = "<group>"; };
		8BB61BE3250DBE4A00A2744F /* Preview Assets.xcassets */ = {isa = PBXFileReference; lastKnownFileType = folder.assetcatalog; path = "Preview Assets.xcassets"; sourceTree = "<group>"; };
		8BB61BE5250DBE4A00A2744F /* Info.plist */ = {isa = PBXFileReference; lastKnownFileType = text.plist.xml; path = Info.plist; sourceTree = "<group>"; };
		8BB61BED250DBED300A2744F /* Country.swift */ = {isa = PBXFileReference; lastKnownFileType = sourcecode.swift; path = Country.swift; sourceTree = "<group>"; };
		8BB61BF0250DBFFE00A2744F /* APIService.swift */ = {isa = PBXFileReference; lastKnownFileType = sourcecode.swift; path = APIService.swift; sourceTree = "<group>"; };
/* End PBXFileReference section */

/* Begin PBXFrameworksBuildPhase section */
		8BB61BD6250DBE4900A2744F /* Frameworks */ = {
			isa = PBXFrameworksBuildPhase;
			buildActionMask = 2147483647;
			files = (
			);
			runOnlyForDeploymentPostprocessing = 0;
		};
/* End PBXFrameworksBuildPhase section */

/* Begin PBXGroup section */
		8B217E0F2515A8E000F5F825 /* Extensions */ = {
			isa = PBXGroup;
			children = (
				8B217E102515A8ED00F5F825 /* Int+Abbr.swift */,
			);
			path = Extensions;
			sourceTree = "<group>";
		};
		8B217E1F2515B11F00F5F825 /* Utilities */ = {
			isa = PBXGroup;
			children = (
				8B217E202515B12A00F5F825 /* UserDefaultKeys.swift */,
			);
			path = Utilities;
			sourceTree = "<group>";
		};
		8BB61BD0250DBE4900A2744F = {
			isa = PBXGroup;
			children = (
				8BB61BDB250DBE4900A2744F /* Covid-tracking */,
				8BB61BDA250DBE4900A2744F /* Products */,
			);
			sourceTree = "<group>";
		};
		8BB61BDA250DBE4900A2744F /* Products */ = {
			isa = PBXGroup;
			children = (
				8BB61BD9250DBE4900A2744F /* Covid-tracking.app */,
			);
			name = Products;
			sourceTree = "<group>";
		};
		8BB61BDB250DBE4900A2744F /* Covid-tracking */ = {
			isa = PBXGroup;
			children = (
				8B217E1F2515B11F00F5F825 /* Utilities */,
				8B217E0F2515A8E000F5F825 /* Extensions */,
				8BB61BEF250DBFF100A2744F /* Networking */,
				8BB61BEC250DBEA500A2744F /* Model */,
				8BB61BEB250DBE9D00A2744F /* Views */,
				8BB61BDC250DBE4900A2744F /* Covid_trackingApp.swift */,
				8BB61BE0250DBE4A00A2744F /* Assets.xcassets */,
				8BB61BE5250DBE4A00A2744F /* Info.plist */,
				8BB61BE2250DBE4A00A2744F /* Preview Content */,
			);
			path = "Covid-tracking";
			sourceTree = "<group>";
		};
		8BB61BE2250DBE4A00A2744F /* Preview Content */ = {
			isa = PBXGroup;
			children = (
				8BB61BE3250DBE4A00A2744F /* Preview Assets.xcassets */,
			);
			path = "Preview Content";
			sourceTree = "<group>";
		};
		8BB61BEB250DBE9D00A2744F /* Views */ = {
			isa = PBXGroup;
			children = (
				8BB61BDE250DBE4900A2744F /* SummaryView.swift */,
				8B6280E0250DC6140024B80E /* DetailCountryView.swift */,
				8B217E142515A9DE00F5F825 /* GlobalStatsView.swift */,
				8B217E172515AD4D00F5F825 /* CountrySelectionView.swift */,
			);
			path = Views;
			sourceTree = "<group>";
		};
		8BB61BEC250DBEA500A2744F /* Model */ = {
			isa = PBXGroup;
			children = (
				8BB61BED250DBED300A2744F /* Country.swift */,
				8B6280E2250DC85F0024B80E /* LiveStats.swift */,
				8B217E082515A2A800F5F825 /* Summary.swift */,
				8B217E0B2515A45B00F5F825 /* GlobalStats.swift */,
			);
			path = Model;
			sourceTree = "<group>";
		};
		8BB61BEF250DBFF100A2744F /* Networking */ = {
			isa = PBXGroup;
			children = (
				8BB61BF0250DBFFE00A2744F /* APIService.swift */,
			);
			path = Networking;
			sourceTree = "<group>";
		};
/* End PBXGroup section */

/* Begin PBXNativeTarget section */
		8BB61BD8250DBE4900A2744F /* Covid-tracking */ = {
			isa = PBXNativeTarget;
			buildConfigurationList = 8BB61BE8250DBE4A00A2744F /* Build configuration list for PBXNativeTarget "Covid-tracking" */;
			buildPhases = (
				8BB61BD5250DBE4900A2744F /* Sources */,
				8BB61BD6250DBE4900A2744F /* Frameworks */,
				8BB61BD7250DBE4900A2744F /* Resources */,
			);
			buildRules = (
			);
			dependencies = (
			);
			name = "Covid-tracking";
			productName = "Covid-tracking";
			productReference = 8BB61BD9250DBE4900A2744F /* Covid-tracking.app */;
			productType = "com.apple.product-type.application";
		};
/* End PBXNativeTarget section */

/* Begin PBXProject section */
		8BB61BD1250DBE4900A2744F /* Project object */ = {
			isa = PBXProject;
			attributes = {
				LastSwiftUpdateCheck = 1200;
				LastUpgradeCheck = 1200;
				TargetAttributes = {
					8BB61BD8250DBE4900A2744F = {
						CreatedOnToolsVersion = 12.0;
					};
				};
			};
			buildConfigurationList = 8BB61BD4250DBE4900A2744F /* Build configuration list for PBXProject "Covid-tracking" */;
			compatibilityVersion = "Xcode 9.3";
			developmentRegion = en;
			hasScannedForEncodings = 0;
			knownRegions = (
				en,
				Base,
			);
			mainGroup = 8BB61BD0250DBE4900A2744F;
			productRefGroup = 8BB61BDA250DBE4900A2744F /* Products */;
			projectDirPath = "";
			projectRoot = "";
			targets = (
				8BB61BD8250DBE4900A2744F /* Covid-tracking */,
			);
		};
/* End PBXProject section */

/* Begin PBXResourcesBuildPhase section */
		8BB61BD7250DBE4900A2744F /* Resources */ = {
			isa = PBXResourcesBuildPhase;
			buildActionMask = 2147483647;
			files = (
				8BB61BE4250DBE4A00A2744F /* Preview Assets.xcassets in Resources */,
				8BB61BE1250DBE4A00A2744F /* Assets.xcassets in Resources */,
			);
			runOnlyForDeploymentPostprocessing = 0;
		};
/* End PBXResourcesBuildPhase section */

/* Begin PBXSourcesBuildPhase section */
		8BB61BD5250DBE4900A2744F /* Sources */ = {
			isa = PBXSourcesBuildPhase;
			buildActionMask = 2147483647;
			files = (
				8BB61BDF250DBE4900A2744F /* SummaryView.swift in Sources */,
				8B217E112515A8ED00F5F825 /* Int+Abbr.swift in Sources */,
				8BB61BEE250DBED300A2744F /* Country.swift in Sources */,
				8B217E182515AD4D00F5F825 /* CountrySelectionView.swift in Sources */,
				8B217E152515A9DE00F5F825 /* GlobalStatsView.swift in Sources */,
				8BB61BF1250DBFFE00A2744F /* APIService.swift in Sources */,
				8B6280E1250DC6140024B80E /* DetailCountryView.swift in Sources */,
				8B217E0C2515A45B00F5F825 /* GlobalStats.swift in Sources */,
				8B217E212515B12A00F5F825 /* UserDefaultKeys.swift in Sources */,
				8BB61BDD250DBE4900A2744F /* Covid_trackingApp.swift in Sources */,
				8B6280E3250DC85F0024B80E /* LiveStats.swift in Sources */,
				8B217E092515A2A800F5F825 /* Summary.swift in Sources */,
			);
			runOnlyForDeploymentPostprocessing = 0;
		};
/* End PBXSourcesBuildPhase section */

/* Begin XCBuildConfiguration section */
		8BB61BE6250DBE4A00A2744F /* Debug */ = {
			isa = XCBuildConfiguration;
			buildSettings = {
				ALWAYS_SEARCH_USER_PATHS = NO;
				CLANG_ANALYZER_NONNULL = YES;
				CLANG_ANALYZER_NUMBER_OBJECT_CONVERSION = YES_AGGRESSIVE;
				CLANG_CXX_LANGUAGE_STANDARD = "gnu++14";
				CLANG_CXX_LIBRARY = "libc++";
				CLANG_ENABLE_MODULES = YES;
				CLANG_ENABLE_OBJC_ARC = YES;
				CLANG_ENABLE_OBJC_WEAK = YES;
				CLANG_WARN_BLOCK_CAPTURE_AUTORELEASING = YES;
				CLANG_WARN_BOOL_CONVERSION = YES;
				CLANG_WARN_COMMA = YES;
				CLANG_WARN_CONSTANT_CONVERSION = YES;
				CLANG_WARN_DEPRECATED_OBJC_IMPLEMENTATIONS = YES;
				CLANG_WARN_DIRECT_OBJC_ISA_USAGE = YES_ERROR;
				CLANG_WARN_DOCUMENTATION_COMMENTS = YES;
				CLANG_WARN_EMPTY_BODY = YES;
				CLANG_WARN_ENUM_CONVERSION = YES;
				CLANG_WARN_INFINITE_RECURSION = YES;
				CLANG_WARN_INT_CONVERSION = YES;
				CLANG_WARN_NON_LITERAL_NULL_CONVERSION = YES;
				CLANG_WARN_OBJC_IMPLICIT_RETAIN_SELF = YES;
				CLANG_WARN_OBJC_LITERAL_CONVERSION = YES;
				CLANG_WARN_OBJC_ROOT_CLASS = YES_ERROR;
				CLANG_WARN_QUOTED_INCLUDE_IN_FRAMEWORK_HEADER = YES;
				CLANG_WARN_RANGE_LOOP_ANALYSIS = YES;
				CLANG_WARN_STRICT_PROTOTYPES = YES;
				CLANG_WARN_SUSPICIOUS_MOVE = YES;
				CLANG_WARN_UNGUARDED_AVAILABILITY = YES_AGGRESSIVE;
				CLANG_WARN_UNREACHABLE_CODE = YES;
				CLANG_WARN__DUPLICATE_METHOD_MATCH = YES;
				COPY_PHASE_STRIP = NO;
				DEBUG_INFORMATION_FORMAT = dwarf;
				ENABLE_STRICT_OBJC_MSGSEND = YES;
				ENABLE_TESTABILITY = YES;
				GCC_C_LANGUAGE_STANDARD = gnu11;
				GCC_DYNAMIC_NO_PIC = NO;
				GCC_NO_COMMON_BLOCKS = YES;
				GCC_OPTIMIZATION_LEVEL = 0;
				GCC_PREPROCESSOR_DEFINITIONS = (
					"DEBUG=1",
					"$(inherited)",
				);
				GCC_WARN_64_TO_32_BIT_CONVERSION = YES;
				GCC_WARN_ABOUT_RETURN_TYPE = YES_ERROR;
				GCC_WARN_UNDECLARED_SELECTOR = YES;
				GCC_WARN_UNINITIALIZED_AUTOS = YES_AGGRESSIVE;
				GCC_WARN_UNUSED_FUNCTION = YES;
				GCC_WARN_UNUSED_VARIABLE = YES;
				IPHONEOS_DEPLOYMENT_TARGET = 14.0;
				MTL_ENABLE_DEBUG_INFO = INCLUDE_SOURCE;
				MTL_FAST_MATH = YES;
				ONLY_ACTIVE_ARCH = YES;
				SDKROOT = iphoneos;
				SWIFT_ACTIVE_COMPILATION_CONDITIONS = DEBUG;
				SWIFT_OPTIMIZATION_LEVEL = "-Onone";
			};
			name = Debug;
		};
		8BB61BE7250DBE4A00A2744F /* Release */ = {
			isa = XCBuildConfiguration;
			buildSettings = {
				ALWAYS_SEARCH_USER_PATHS = NO;
				CLANG_ANALYZER_NONNULL = YES;
				CLANG_ANALYZER_NUMBER_OBJECT_CONVERSION = YES_AGGRESSIVE;
				CLANG_CXX_LANGUAGE_STANDARD = "gnu++14";
				CLANG_CXX_LIBRARY = "libc++";
				CLANG_ENABLE_MODULES = YES;
				CLANG_ENABLE_OBJC_ARC = YES;
				CLANG_ENABLE_OBJC_WEAK = YES;
				CLANG_WARN_BLOCK_CAPTURE_AUTORELEASING = YES;
				CLANG_WARN_BOOL_CONVERSION = YES;
				CLANG_WARN_COMMA = YES;
				CLANG_WARN_CONSTANT_CONVERSION = YES;
				CLANG_WARN_DEPRECATED_OBJC_IMPLEMENTATIONS = YES;
				CLANG_WARN_DIRECT_OBJC_ISA_USAGE = YES_ERROR;
				CLANG_WARN_DOCUMENTATION_COMMENTS = YES;
				CLANG_WARN_EMPTY_BODY = YES;
				CLANG_WARN_ENUM_CONVERSION = YES;
				CLANG_WARN_INFINITE_RECURSION = YES;
				CLANG_WARN_INT_CONVERSION = YES;
				CLANG_WARN_NON_LITERAL_NULL_CONVERSION = YES;
				CLANG_WARN_OBJC_IMPLICIT_RETAIN_SELF = YES;
				CLANG_WARN_OBJC_LITERAL_CONVERSION = YES;
				CLANG_WARN_OBJC_ROOT_CLASS = YES_ERROR;
				CLANG_WARN_QUOTED_INCLUDE_IN_FRAMEWORK_HEADER = YES;
				CLANG_WARN_RANGE_LOOP_ANALYSIS = YES;
				CLANG_WARN_STRICT_PROTOTYPES = YES;
				CLANG_WARN_SUSPICIOUS_MOVE = YES;
				CLANG_WARN_UNGUARDED_AVAILABILITY = YES_AGGRESSIVE;
				CLANG_WARN_UNREACHABLE_CODE = YES;
				CLANG_WARN__DUPLICATE_METHOD_MATCH = YES;
				COPY_PHASE_STRIP = NO;
				DEBUG_INFORMATION_FORMAT = "dwarf-with-dsym";
				ENABLE_NS_ASSERTIONS = NO;
				ENABLE_STRICT_OBJC_MSGSEND = YES;
				GCC_C_LANGUAGE_STANDARD = gnu11;
				GCC_NO_COMMON_BLOCKS = YES;
				GCC_WARN_64_TO_32_BIT_CONVERSION = YES;
				GCC_WARN_ABOUT_RETURN_TYPE = YES_ERROR;
				GCC_WARN_UNDECLARED_SELECTOR = YES;
				GCC_WARN_UNINITIALIZED_AUTOS = YES_AGGRESSIVE;
				GCC_WARN_UNUSED_FUNCTION = YES;
				GCC_WARN_UNUSED_VARIABLE = YES;
				IPHONEOS_DEPLOYMENT_TARGET = 14.0;
				MTL_ENABLE_DEBUG_INFO = NO;
				MTL_FAST_MATH = YES;
				SDKROOT = iphoneos;
				SWIFT_COMPILATION_MODE = wholemodule;
				SWIFT_OPTIMIZATION_LEVEL = "-O";
				VALIDATE_PRODUCT = YES;
			};
			name = Release;
		};
		8BB61BE9250DBE4A00A2744F /* Debug */ = {
			isa = XCBuildConfiguration;
			buildSettings = {
				ASSETCATALOG_COMPILER_APPICON_NAME = AppIcon;
				ASSETCATALOG_COMPILER_GLOBAL_ACCENT_COLOR_NAME = AccentColor;
				CODE_SIGN_STYLE = Automatic;
				DEVELOPMENT_ASSET_PATHS = "\"Covid-tracking/Preview Content\"";
				ENABLE_PREVIEWS = YES;
				INFOPLIST_FILE = "Covid-tracking/Info.plist";
				IPHONEOS_DEPLOYMENT_TARGET = 14.0;
				LD_RUNPATH_SEARCH_PATHS = (
					"$(inherited)",
					"@executable_path/Frameworks",
				);
				PRODUCT_BUNDLE_IDENTIFIER = "getswifty.Covid-tracking";
				PRODUCT_NAME = "$(TARGET_NAME)";
				SWIFT_VERSION = 5.0;
				TARGETED_DEVICE_FAMILY = "1,2";
			};
			name = Debug;
		};
		8BB61BEA250DBE4A00A2744F /* Release */ = {
			isa = XCBuildConfiguration;
			buildSettings = {
				ASSETCATALOG_COMPILER_APPICON_NAME = AppIcon;
				ASSETCATALOG_COMPILER_GLOBAL_ACCENT_COLOR_NAME = AccentColor;
				CODE_SIGN_STYLE = Automatic;
				DEVELOPMENT_ASSET_PATHS = "\"Covid-tracking/Preview Content\"";
				ENABLE_PREVIEWS = YES;
				INFOPLIST_FILE = "Covid-tracking/Info.plist";
				IPHONEOS_DEPLOYMENT_TARGET = 14.0;
				LD_RUNPATH_SEARCH_PATHS = (
					"$(inherited)",
					"@executable_path/Frameworks",
				);
				PRODUCT_BUNDLE_IDENTIFIER = "getswifty.Covid-tracking";
				PRODUCT_NAME = "$(TARGET_NAME)";
				SWIFT_VERSION = 5.0;
				TARGETED_DEVICE_FAMILY = "1,2";
			};
			name = Release;
		};
/* End XCBuildConfiguration section */

/* Begin XCConfigurationList section */
		8BB61BD4250DBE4900A2744F /* Build configuration list for PBXProject "Covid-tracking" */ = {
			isa = XCConfigurationList;
			buildConfigurations = (
				8BB61BE6250DBE4A00A2744F /* Debug */,
				8BB61BE7250DBE4A00A2744F /* Release */,
			);
			defaultConfigurationIsVisible = 0;
			defaultConfigurationName = Release;
		};
		8BB61BE8250DBE4A00A2744F /* Build configuration list for PBXNativeTarget "Covid-tracking" */ = {
			isa = XCConfigurationList;
			buildConfigurations = (
				8BB61BE9250DBE4A00A2744F /* Debug */,
				8BB61BEA250DBE4A00A2744F /* Release */,
			);
			defaultConfigurationIsVisible = 0;
			defaultConfigurationName = Release;
		};
/* End XCConfigurationList section */
	};
	rootObject = 8BB61BD1250DBE4900A2744F /* Project object */;
}
